
Microsoft Visual Studio Solution File, Format Version 12.00
# Visual Studio Version 16
VisualStudioVersion = 16.0.29209.62
MinimumVisualStudioVersion = 10.0.40219.1
Project("{FAE04EC0-301F-11D3-BF4B-00C04F79EFBC}") = "Storehouse", "Storehouse\Storehouse.csproj", "{A7DB8294-BEEA-4154-81C9-3D67786C546B}"
EndProject
Project("{FAE04EC0-301F-11D3-BF4B-00C04F79EFBC}") = "Test", "Test\Test.csproj", "{6E562CB9-A34B-43B1-B7D9-4BC68443319E}"
EndProject
Global
	GlobalSection(SolutionConfigurationPlatforms) = preSolution
		Debug|Any CPU = Debug|Any CPU
		Release|Any CPU = Release|Any CPU
	EndGlobalSection
	GlobalSection(ProjectConfigurationPlatforms) = postSolution
		{A7DB8294-BEEA-4154-81C9-3D67786C546B}.Debug|Any CPU.ActiveCfg = Debug|Any CPU
		{A7DB8294-BEEA-4154-81C9-3D67786C546B}.Debug|Any CPU.Build.0 = Debug|Any CPU
		{A7DB8294-BEEA-4154-81C9-3D67786C546B}.Release|Any CPU.ActiveCfg = Release|Any CPU
		{A7DB8294-BEEA-4154-81C9-3D67786C546B}.Release|Any CPU.Build.0 = Release|Any CPU
		{6E562CB9-A34B-43B1-B7D9-4BC68443319E}.Debug|Any CPU.ActiveCfg = Debug|Any CPU
		{6E562CB9-A34B-43B1-B7D9-4BC68443319E}.Debug|Any CPU.Build.0 = Debug|Any CPU
		{6E562CB9-A34B-43B1-B7D9-4BC68443319E}.Release|Any CPU.ActiveCfg = Release|Any CPU
		{6E562CB9-A34B-43B1-B7D9-4BC68443319E}.Release|Any CPU.Build.0 = Release|Any CPU
	EndGlobalSection
	GlobalSection(SolutionProperties) = preSolution
		HideSolutionNode = FALSE
	EndGlobalSection
	GlobalSection(ExtensibilityGlobals) = postSolution
		SolutionGuid = {FA5B32A6-77BA-454D-824C-5B682B0B4BEE}
	EndGlobalSection
EndGlobal
